{"1.2.0",
[{<<"certifi">>,{pkg,<<"certifi">>,<<"2.16.0">>},1},
 {<<"cowlib">>,{pkg,<<"cowlib">>,<<"2.16.0">>},3},
 {<<"eredis">>,{pkg,<<"eredis">>,<<"1.7.1">>},1},
 {<<"gun">>,{pkg,<<"gun">>,<<"2.2.0">>},2},
 {<<"jsx">>,{pkg,<<"jsx">>,<<"3.1.0">>},1},
 {<<"ldclient">>,{pkg,<<"launchdarkly_server_sdk">>,<<"3.9.0">>},0},
 {<<"lru">>,{pkg,<<"lru">>,<<"2.4.0">>},1},
 {<<"quickrand">>,{pkg,<<"quickrand">>,<<"2.0.7">>},2},
 {<<"shotgun">>,{pkg,<<"shotgun">>,<<"1.2.1">>},1},
 {<<"uuid">>,{pkg,<<"uuid_erl">>,<<"2.0.7">>},1},
 {<<"verl">>,{pkg,<<"verl">>,<<"1.0.1">>},1},
 {<<"yamerl">>,{pkg,<<"yamerl">>,<<"0.10.0">>},1}]}.
[
{pkg_hash,[
 {<<"certifi">>, <<"A4EDFC1D2DA3424D478A3271133BF28E0EC5E6FD8C009AAB5A4AE980CB165CE9">>},
 {<<"cowlib">>, <<"54592074EBBBB92EE4746C8A8846E5605052F29309D3A873468D76CDF932076F">>},
 {<<"eredis">>, <<"39E31AA02ADCD651C657F39AAFD4D31A9B2F63C6C700DC9CECE98D4BC3C897AB">>},
 {<<"gun">>, <<"B8F6B7D417E277D4C2B0DC3C07DFDF892447B087F1CC1CAFF9C0F556B884E33D">>},
 {<<"jsx">>, <<"D12516BAA0BB23A59BB35DCCAF02A1BD08243FCBB9EFE24F2D9D056CCFF71268">>},
 {<<"ldclient">>, <<"5400853F8D51769E2EA5357CF385C76B67C48FFC056286ABB3759F94A7484B94">>},
 {<<"lru">>, <<"A8F9967CA9B6F260BAA19E2EFB2AEB3853A3F5BD5F8416F537A672294B38C1BC">>},
 {<<"quickrand">>, <<"D2BD76676A446E6A058D678444B7FDA1387B813710D1AF6D6E29BB92186C8820">>},
 {<<"shotgun">>, <<"A720063B49A763A97B245CC1AB6EE34E0E50D1EF61858E080DB8E3B0DCD31AF2">>},
 {<<"uuid">>, <<"B2078D2CC814F53AFA52D36C91E08962C7E7373585C623F4C0EA6DFB04B2AF94">>},
 {<<"verl">>, <<"1C29FA29CE071820318D04F42850D23B6E0C8B1D6CA513B1B66312240D0690E1">>},
 {<<"yamerl">>, <<"4FF81FEE2F1F6A46F1700C0D880B24D193DDB74BD14EF42CB0BCF46E81EF2F8E">>}]},
{pkg_hash_ext,[
 {<<"certifi">>, <<"8A64F6669D85E9CC0E5086FCF29A5B13DE57A13EFA23D3582874B9A19303F184">>},
 {<<"cowlib">>, <<"7F478D80D66B747344F0EA7708C187645CFCC08B11AA424632F78E25BF05DB51">>},
 {<<"eredis">>, <<"7C2B54C566FED55FEEF3341CA79B0100A6348FD3F162184B7ED5118D258C3CC1">>},
 {<<"gun">>, <<"76022700C64287FEB4DF93A1795CFF6741B83FB37415C40C34C38D2A4645261A">>},
 {<<"jsx">>, <<"0C5CC8FDC11B53CC25CF65AC6705AD39E54ECC56D1C22E4ADB8F5A53FB9427F3">>},
 {<<"ldclient">>, <<"211AA8726FA4F174B41ACCD468B2C978FAB97CDAA26F30E56E57B370061CDA00">>},
 {<<"lru">>, <<"4FCF77E882B5E57ECA068999ACBA4386A20DBCE8E446C98C6A0F8FB3D170AFEB">>},
 {<<"quickrand">>, <<"B8ACBF89A224BC217C3070CA8BEBC6EB236DBE7F9767993B274084EA044D35F0">>},
 {<<"shotgun">>, <<"A5ED7A1FF851419A70E292C4E2649C4D2C633141EB9A3432A4896C72B6D3F212">>},
 {<<"uuid">>, <<"4E4C5CA3461DC47C5E157ED42AA3981A053B7A186792AF972A27B14A9489324E">>},
 {<<"verl">>, <<"F1939291D6B04ED7C20B4CF83CB0EBFC9141F692BB6FB51970429DFD145FEC9D">>},
 {<<"yamerl">>, <<"346ADB2963F1051DC837A2364E4ACF6EB7D80097C0F53CBDC3046EC8EC4B4E6E">>}]}
].
